
Microsoft Visual Studio Solution File, Format Version 12.00
# Visual Studio Version 17
VisualStudioVersion = 17.9.34622.214
MinimumVisualStudioVersion = 10.0.40219.1
Project("{2150E333-8FDC-42A3-9474-1A3956D46DE8}") = "ChangeOfResponsibilityDesignPattern", "ChangeOfResponsibilityDesignPattern", "{333A08E8-1D28-44EE-8315-146A674E4313}"
EndProject
Project("{9A19103F-16F7-4668-BE54-9A1E7A4F7556}") = "DesignPattern.ChainOfResponsibility", "ChangeOfResponsibilityDesignPattern\DesignPattern.ChainOfResponsibility\DesignPattern.ChainOfResponsibility.csproj", "{40911DBB-7049-4C39-B98A-A057DEBDDB65}"
EndProject
Project("{2150E333-8FDC-42A3-9474-1A3956D46DE8}") = "CQRSDesaignPattern", "CQRSDesaignPattern", "{CD607AB1-BB4B-4663-BBF7-CD25B999A594}"
EndProject
Project("{9A19103F-16F7-4668-BE54-9A1E7A4F7556}") = "DesignPattern.CQRS", "CQRSDesaignPattern\DesignPattern.CQRS\DesignPattern.CQRS.csproj", "{EF395AA4-D463-4DE1-AB5E-42631A1C9603}"
EndProject
Project("{2150E333-8FDC-42A3-9474-1A3956D46DE8}") = "TemplateMethodDesignPattern", "TemplateMethodDesignPattern", "{4F66F6F1-B181-4A85-B737-E8A4A5A0E464}"
EndProject
Project("{9A19103F-16F7-4668-BE54-9A1E7A4F7556}") = "DesignPattern.TemplateMethod", "TemplateMethodDesignPattern\DesignPattern.TemplateMethod\DesignPattern.TemplateMethod.csproj", "{926BDA80-97F4-4270-B281-E84DB3780AC6}"
EndProject
Project("{2150E333-8FDC-42A3-9474-1A3956D46DE8}") = "ObserverDesignPattern", "ObserverDesignPattern", "{1F3D3031-7E07-46C4-A754-6A2989025F80}"
EndProject
Project("{9A19103F-16F7-4668-BE54-9A1E7A4F7556}") = "DesignPattern.Observer", "ObserverDesignPattern\DesignPattern.Observer\DesignPattern.Observer.csproj", "{DF065842-6A7B-4A5D-B75F-3032B54FC3CB}"
EndProject
Project("{2150E333-8FDC-42A3-9474-1A3956D46DE8}") = "UnitOfWorkDesignPattern", "UnitOfWorkDesignPattern", "{790A5DB6-D946-497A-A002-97678EBD667D}"
EndProject
Project("{9A19103F-16F7-4668-BE54-9A1E7A4F7556}") = "DesignPatternUnitOfWork", "UnitOfWorkDesignPattern\DesignPatternUnitOfWork\DesignPatternUnitOfWork.csproj", "{D238D4F7-6D80-4310-BE6E-705291D0B157}"
EndProject
Project("{9A19103F-16F7-4668-BE54-9A1E7A4F7556}") = "DesigPatternEntityLayer", "UnitOfWorkDesignPattern\DesigPatternEntityLayer\DesigPatternEntityLayer.csproj", "{32BC6764-01C3-414F-9159-0D1EC145E1EF}"
EndProject
Project("{9A19103F-16F7-4668-BE54-9A1E7A4F7556}") = "DesignPatternDataAccessLayer", "UnitOfWorkDesignPattern\DesignPatternDataAccessLayer\DesignPatternDataAccessLayer.csproj", "{037ABF84-63FD-43BE-ADA8-A6164E133744}"
EndProject
Project("{9A19103F-16F7-4668-BE54-9A1E7A4F7556}") = "DesignPatternBusinessLayer", "UnitOfWorkDesignPattern\DesignPatternBusinessLayer\DesignPatternBusinessLayer.csproj", "{1461F552-8641-47EE-BC59-7FFE11BA9371}"
EndProject
Project("{2150E333-8FDC-42A3-9474-1A3956D46DE8}") = "RepositoryDesignPattern", "RepositoryDesignPattern", "{1B54BBE9-2CCF-4987-A1D4-C337D4DAF93D}"
EndProject
Project("{9A19103F-16F7-4668-BE54-9A1E7A4F7556}") = "DesignPattern.Repository", "RepositoryDesignPattern\DesignPattern.Repository\DesignPattern.Repository.csproj", "{2AEB8BDC-67EA-46ED-A24D-D7EBB5E07698}"
EndProject
Project("{9A19103F-16F7-4668-BE54-9A1E7A4F7556}") = "RepositoryEntityLayer", "RepositoryDesignPattern\RepositoryEntityLayer\RepositoryEntityLayer.csproj", "{85494124-FAD4-4DCF-B882-5B1FCD99720C}"
EndProject
Project("{9A19103F-16F7-4668-BE54-9A1E7A4F7556}") = "RepositoryDataAccessLayer", "RepositoryDesignPattern\RepositoryDataAccessLayer\RepositoryDataAccessLayer.csproj", "{D7A080EB-A5E9-4D9B-8BC9-BBF12CC9ECCC}"
EndProject
Project("{9A19103F-16F7-4668-BE54-9A1E7A4F7556}") = "RepositoryBusinessLayer", "RepositoryDesignPattern\RepositoryBusinessLayer\RepositoryBusinessLayer.csproj", "{2657F01A-80C3-4EFE-A583-5F0C6A6BC4E3}"
EndProject
Project("{2150E333-8FDC-42A3-9474-1A3956D46DE8}") = "CompositeDesignPattern", "CompositeDesignPattern", "{6ECA2242-45ED-43B7-B432-7ED1880BF7B6}"
EndProject
Project("{9A19103F-16F7-4668-BE54-9A1E7A4F7556}") = "DesignPattern.Composite", "CompositeDesignPattern\DesignPattern.Composite\DesignPattern.Composite.csproj", "{757AF486-7D39-46EE-AE6B-2D0A43F075F3}"
EndProject
Project("{2150E333-8FDC-42A3-9474-1A3956D46DE8}") = "MediatorDesignPattern", "MediatorDesignPattern", "{F07825C9-FEC1-49E9-B29F-C240FDC3E170}"
EndProject
Project("{9A19103F-16F7-4668-BE54-9A1E7A4F7556}") = "DesignPattern.Mediator", "MediatorDesignPattern\DesignPattern.Mediator\DesignPattern.Mediator.csproj", "{22AF4382-830E-4FB5-BA2C-BFE01C985408}"
EndProject
Project("{2150E333-8FDC-42A3-9474-1A3956D46DE8}") = "IteratorDesignPattern", "IteratorDesignPattern", "{74BFE00C-4593-4E9D-9000-A57A8EAF1240}"
EndProject
Project("{9A19103F-16F7-4668-BE54-9A1E7A4F7556}") = "DesignPattern.Iterator", "IteratorDesignPattern\DesignPattern.Iterator\DesignPattern.Iterator.csproj", "{D7B470D7-6D36-4C73-94EB-BC3D313427E9}"
EndProject
Project("{2150E333-8FDC-42A3-9474-1A3956D46DE8}") = "FacadeDesignPattern", "FacadeDesignPattern", "{44B0F7FC-6000-451B-B557-B725473057C6}"
EndProject
Project("{FAE04EC0-301F-11D3-BF4B-00C04F79EFBC}") = "DesignPattern.Facade", "FacadeDesignPattern\DesignPattern.Facade\DesignPattern.Facade.csproj", "{2DEA159A-7887-4A2C-8F3F-41E6C6D4FA4C}"
EndProject
Global
	GlobalSection(SolutionConfigurationPlatforms) = preSolution
		Debug|Any CPU = Debug|Any CPU
		Release|Any CPU = Release|Any CPU
	EndGlobalSection
	GlobalSection(ProjectConfigurationPlatforms) = postSolution
		{40911DBB-7049-4C39-B98A-A057DEBDDB65}.Debug|Any CPU.ActiveCfg = Debug|Any CPU
		{40911DBB-7049-4C39-B98A-A057DEBDDB65}.Debug|Any CPU.Build.0 = Debug|Any CPU
		{40911DBB-7049-4C39-B98A-A057DEBDDB65}.Release|Any CPU.ActiveCfg = Release|Any CPU
		{40911DBB-7049-4C39-B98A-A057DEBDDB65}.Release|Any CPU.Build.0 = Release|Any CPU
		{EF395AA4-D463-4DE1-AB5E-42631A1C9603}.Debug|Any CPU.ActiveCfg = Debug|Any CPU
		{EF395AA4-D463-4DE1-AB5E-42631A1C9603}.Debug|Any CPU.Build.0 = Debug|Any CPU
		{EF395AA4-D463-4DE1-AB5E-42631A1C9603}.Release|Any CPU.ActiveCfg = Release|Any CPU
		{EF395AA4-D463-4DE1-AB5E-42631A1C9603}.Release|Any CPU.Build.0 = Release|Any CPU
		{926BDA80-97F4-4270-B281-E84DB3780AC6}.Debug|Any CPU.ActiveCfg = Debug|Any CPU
		{926BDA80-97F4-4270-B281-E84DB3780AC6}.Debug|Any CPU.Build.0 = Debug|Any CPU
		{926BDA80-97F4-4270-B281-E84DB3780AC6}.Release|Any CPU.ActiveCfg = Release|Any CPU
		{926BDA80-97F4-4270-B281-E84DB3780AC6}.Release|Any CPU.Build.0 = Release|Any CPU
		{DF065842-6A7B-4A5D-B75F-3032B54FC3CB}.Debug|Any CPU.ActiveCfg = Debug|Any CPU
		{DF065842-6A7B-4A5D-B75F-3032B54FC3CB}.Debug|Any CPU.Build.0 = Debug|Any CPU
		{DF065842-6A7B-4A5D-B75F-3032B54FC3CB}.Release|Any CPU.ActiveCfg = Release|Any CPU
		{DF065842-6A7B-4A5D-B75F-3032B54FC3CB}.Release|Any CPU.Build.0 = Release|Any CPU
		{D238D4F7-6D80-4310-BE6E-705291D0B157}.Debug|Any CPU.ActiveCfg = Debug|Any CPU
		{D238D4F7-6D80-4310-BE6E-705291D0B157}.Debug|Any CPU.Build.0 = Debug|Any CPU
		{D238D4F7-6D80-4310-BE6E-705291D0B157}.Release|Any CPU.ActiveCfg = Release|Any CPU
		{D238D4F7-6D80-4310-BE6E-705291D0B157}.Release|Any CPU.Build.0 = Release|Any CPU
		{32BC6764-01C3-414F-9159-0D1EC145E1EF}.Debug|Any CPU.ActiveCfg = Debug|Any CPU
		{32BC6764-01C3-414F-9159-0D1EC145E1EF}.Debug|Any CPU.Build.0 = Debug|Any CPU
		{32BC6764-01C3-414F-9159-0D1EC145E1EF}.Release|Any CPU.ActiveCfg = Release|Any CPU
		{32BC6764-01C3-414F-9159-0D1EC145E1EF}.Release|Any CPU.Build.0 = Release|Any CPU
		{037ABF84-63FD-43BE-ADA8-A6164E133744}.Debug|Any CPU.ActiveCfg = Debug|Any CPU
		{037ABF84-63FD-43BE-ADA8-A6164E133744}.Debug|Any CPU.Build.0 = Debug|Any CPU
		{037ABF84-63FD-43BE-ADA8-A6164E133744}.Release|Any CPU.ActiveCfg = Release|Any CPU
		{037ABF84-63FD-43BE-ADA8-A6164E133744}.Release|Any CPU.Build.0 = Release|Any CPU
		{1461F552-8641-47EE-BC59-7FFE11BA9371}.Debug|Any CPU.ActiveCfg = Debug|Any CPU
		{1461F552-8641-47EE-BC59-7FFE11BA9371}.Debug|Any CPU.Build.0 = Debug|Any CPU
		{1461F552-8641-47EE-BC59-7FFE11BA9371}.Release|Any CPU.ActiveCfg = Release|Any CPU
		{1461F552-8641-47EE-BC59-7FFE11BA9371}.Release|Any CPU.Build.0 = Release|Any CPU
		{2AEB8BDC-67EA-46ED-A24D-D7EBB5E07698}.Debug|Any CPU.ActiveCfg = Debug|Any CPU
		{2AEB8BDC-67EA-46ED-A24D-D7EBB5E07698}.Debug|Any CPU.Build.0 = Debug|Any CPU
		{2AEB8BDC-67EA-46ED-A24D-D7EBB5E07698}.Release|Any CPU.ActiveCfg = Release|Any CPU
		{2AEB8BDC-67EA-46ED-A24D-D7EBB5E07698}.Release|Any CPU.Build.0 = Release|Any CPU
		{85494124-FAD4-4DCF-B882-5B1FCD99720C}.Debug|Any CPU.ActiveCfg = Debug|Any CPU
		{85494124-FAD4-4DCF-B882-5B1FCD99720C}.Debug|Any CPU.Build.0 = Debug|Any CPU
		{85494124-FAD4-4DCF-B882-5B1FCD99720C}.Release|Any CPU.ActiveCfg = Release|Any CPU
		{85494124-FAD4-4DCF-B882-5B1FCD99720C}.Release|Any CPU.Build.0 = Release|Any CPU
		{D7A080EB-A5E9-4D9B-8BC9-BBF12CC9ECCC}.Debug|Any CPU.ActiveCfg = Debug|Any CPU
		{D7A080EB-A5E9-4D9B-8BC9-BBF12CC9ECCC}.Debug|Any CPU.Build.0 = Debug|Any CPU
		{D7A080EB-A5E9-4D9B-8BC9-BBF12CC9ECCC}.Release|Any CPU.ActiveCfg = Release|Any CPU
		{D7A080EB-A5E9-4D9B-8BC9-BBF12CC9ECCC}.Release|Any CPU.Build.0 = Release|Any CPU
		{2657F01A-80C3-4EFE-A583-5F0C6A6BC4E3}.Debug|Any CPU.ActiveCfg = Debug|Any CPU
		{2657F01A-80C3-4EFE-A583-5F0C6A6BC4E3}.Debug|Any CPU.Build.0 = Debug|Any CPU
		{2657F01A-80C3-4EFE-A583-5F0C6A6BC4E3}.Release|Any CPU.ActiveCfg = Release|Any CPU
		{2657F01A-80C3-4EFE-A583-5F0C6A6BC4E3}.Release|Any CPU.Build.0 = Release|Any CPU
		{757AF486-7D39-46EE-AE6B-2D0A43F075F3}.Debug|Any CPU.ActiveCfg = Debug|Any CPU
		{757AF486-7D39-46EE-AE6B-2D0A43F075F3}.Debug|Any CPU.Build.0 = Debug|Any CPU
		{757AF486-7D39-46EE-AE6B-2D0A43F075F3}.Release|Any CPU.ActiveCfg = Release|Any CPU
		{757AF486-7D39-46EE-AE6B-2D0A43F075F3}.Release|Any CPU.Build.0 = Release|Any CPU
		{22AF4382-830E-4FB5-BA2C-BFE01C985408}.Debug|Any CPU.ActiveCfg = Debug|Any CPU
		{22AF4382-830E-4FB5-BA2C-BFE01C985408}.Debug|Any CPU.Build.0 = Debug|Any CPU
		{22AF4382-830E-4FB5-BA2C-BFE01C985408}.Release|Any CPU.ActiveCfg = Release|Any CPU
		{22AF4382-830E-4FB5-BA2C-BFE01C985408}.Release|Any CPU.Build.0 = Release|Any CPU
		{D7B470D7-6D36-4C73-94EB-BC3D313427E9}.Debug|Any CPU.ActiveCfg = Debug|Any CPU
		{D7B470D7-6D36-4C73-94EB-BC3D313427E9}.Debug|Any CPU.Build.0 = Debug|Any CPU
		{D7B470D7-6D36-4C73-94EB-BC3D313427E9}.Release|Any CPU.ActiveCfg = Release|Any CPU
		{D7B470D7-6D36-4C73-94EB-BC3D313427E9}.Release|Any CPU.Build.0 = Release|Any CPU
		{2DEA159A-7887-4A2C-8F3F-41E6C6D4FA4C}.Debug|Any CPU.ActiveCfg = Debug|Any CPU
		{2DEA159A-7887-4A2C-8F3F-41E6C6D4FA4C}.Debug|Any CPU.Build.0 = Debug|Any CPU
		{2DEA159A-7887-4A2C-8F3F-41E6C6D4FA4C}.Release|Any CPU.ActiveCfg = Release|Any CPU
		{2DEA159A-7887-4A2C-8F3F-41E6C6D4FA4C}.Release|Any CPU.Build.0 = Release|Any CPU
	EndGlobalSection
	GlobalSection(SolutionProperties) = preSolution
		HideSolutionNode = FALSE
	EndGlobalSection
	GlobalSection(NestedProjects) = preSolution
		{40911DBB-7049-4C39-B98A-A057DEBDDB65} = {333A08E8-1D28-44EE-8315-146A674E4313}
		{EF395AA4-D463-4DE1-AB5E-42631A1C9603} = {CD607AB1-BB4B-4663-BBF7-CD25B999A594}
		{926BDA80-97F4-4270-B281-E84DB3780AC6} = {4F66F6F1-B181-4A85-B737-E8A4A5A0E464}
		{DF065842-6A7B-4A5D-B75F-3032B54FC3CB} = {1F3D3031-7E07-46C4-A754-6A2989025F80}
		{D238D4F7-6D80-4310-BE6E-705291D0B157} = {790A5DB6-D946-497A-A002-97678EBD667D}
		{32BC6764-01C3-414F-9159-0D1EC145E1EF} = {790A5DB6-D946-497A-A002-97678EBD667D}
		{037ABF84-63FD-43BE-ADA8-A6164E133744} = {790A5DB6-D946-497A-A002-97678EBD667D}
		{1461F552-8641-47EE-BC59-7FFE11BA9371} = {790A5DB6-D946-497A-A002-97678EBD667D}
		{2AEB8BDC-67EA-46ED-A24D-D7EBB5E07698} = {1B54BBE9-2CCF-4987-A1D4-C337D4DAF93D}
		{85494124-FAD4-4DCF-B882-5B1FCD99720C} = {1B54BBE9-2CCF-4987-A1D4-C337D4DAF93D}
		{D7A080EB-A5E9-4D9B-8BC9-BBF12CC9ECCC} = {1B54BBE9-2CCF-4987-A1D4-C337D4DAF93D}
		{2657F01A-80C3-4EFE-A583-5F0C6A6BC4E3} = {1B54BBE9-2CCF-4987-A1D4-C337D4DAF93D}
		{757AF486-7D39-46EE-AE6B-2D0A43F075F3} = {6ECA2242-45ED-43B7-B432-7ED1880BF7B6}
		{22AF4382-830E-4FB5-BA2C-BFE01C985408} = {F07825C9-FEC1-49E9-B29F-C240FDC3E170}
		{D7B470D7-6D36-4C73-94EB-BC3D313427E9} = {74BFE00C-4593-4E9D-9000-A57A8EAF1240}
		{2DEA159A-7887-4A2C-8F3F-41E6C6D4FA4C} = {44B0F7FC-6000-451B-B557-B725473057C6}
	EndGlobalSection
	GlobalSection(ExtensibilityGlobals) = postSolution
		SolutionGuid = {52497305-DF91-449A-933F-C68361FF3D7B}
	EndGlobalSection
EndGlobal
